
Microsoft Visual Studio Solution File, Format Version 12.00
# Visual Studio 15
VisualStudioVersion = 15.0.28307.1433
MinimumVisualStudioVersion = 10.0.40219.1
Project("{FAE04EC0-301F-11D3-BF4B-00C04F79EFBC}") = "UsbDeviceWakeupSvc.Service", "UsbDeviceWakeupSvc\UsbDeviceWakeupSvc.Service\UsbDeviceWakeupSvc.Service.csproj", "{F03672F5-57B8-4E7D-B20D-96346C6BFD98}"
EndProject
Project("{FAE04EC0-301F-11D3-BF4B-00C04F79EFBC}") = "UsbDeviceWakeupSvc.Client", "UsbDeviceWakeupSvc\UsbDeviceWakeupSvc.Client\UsbDeviceWakeupSvc.Client.csproj", "{20E60B22-A279-4DEA-8CFB-78A0A752C2B7}"
EndProject
Project("{FAE04EC0-301F-11D3-BF4B-00C04F79EFBC}") = "UsbDeviceWakeupSvc.Common", "UsbDeviceWakeupSvc\UsbDeviceWakeupSvc.Common\UsbDeviceWakeupSvc.Common.csproj", "{2655CF34-EFBB-4436-B40A-C0A30D754D07}"
EndProject
Global
	GlobalSection(SolutionConfigurationPlatforms) = preSolution
		Debug|Any CPU = Debug|Any CPU
		Release|Any CPU = Release|Any CPU
	EndGlobalSection
	GlobalSection(ProjectConfigurationPlatforms) = postSolution
		{F03672F5-57B8-4E7D-B20D-96346C6BFD98}.Debug|Any CPU.ActiveCfg = Debug|Any CPU
		{F03672F5-57B8-4E7D-B20D-96346C6BFD98}.Debug|Any CPU.Build.0 = Debug|Any CPU
		{F03672F5-57B8-4E7D-B20D-96346C6BFD98}.Release|Any CPU.ActiveCfg = Release|Any CPU
		{F03672F5-57B8-4E7D-B20D-96346C6BFD98}.Release|Any CPU.Build.0 = Release|Any CPU
		{20E60B22-A279-4DEA-8CFB-78A0A752C2B7}.Debug|Any CPU.ActiveCfg = Debug|Any CPU
		{20E60B22-A279-4DEA-8CFB-78A0A752C2B7}.Debug|Any CPU.Build.0 = Debug|Any CPU
		{20E60B22-A279-4DEA-8CFB-78A0A752C2B7}.Release|Any CPU.ActiveCfg = Release|Any CPU
		{20E60B22-A279-4DEA-8CFB-78A0A752C2B7}.Release|Any CPU.Build.0 = Release|Any CPU
		{2655CF34-EFBB-4436-B40A-C0A30D754D07}.Debug|Any CPU.ActiveCfg = Debug|Any CPU
		{2655CF34-EFBB-4436-B40A-C0A30D754D07}.Debug|Any CPU.Build.0 = Debug|Any CPU
		{2655CF34-EFBB-4436-B40A-C0A30D754D07}.Release|Any CPU.ActiveCfg = Release|Any CPU
		{2655CF34-EFBB-4436-B40A-C0A30D754D07}.Release|Any CPU.Build.0 = Release|Any CPU
	EndGlobalSection
	GlobalSection(SolutionProperties) = preSolution
		HideSolutionNode = FALSE
	EndGlobalSection
	GlobalSection(ExtensibilityGlobals) = postSolution
		SolutionGuid = {0AD171DA-3D04-4A02-AD68-0DA53A7C7A70}
	EndGlobalSection
EndGlobal
